
Microsoft Visual Studio Solution File, Format Version 12.00
# Visual Studio 15
VisualStudioVersion = 15.0.26124.0
MinimumVisualStudioVersion = 15.0.26124.0
Project("{FAE04EC0-301F-11D3-BF4B-00C04F79EFBC}") = "epaulette-data", "epaulette_data\epaulette-data.csproj", "{CBF809B3-5999-4E46-B9FB-4B5DD74E0330}"
EndProject
Project("{FAE04EC0-301F-11D3-BF4B-00C04F79EFBC}") = "epaulette_data.tests", "epaulette_data.tests\epaulette_data.tests.csproj", "{991CE327-AFD9-4D48-B553-E724B89DBD99}"
EndProject
Global
	GlobalSection(SolutionConfigurationPlatforms) = preSolution
		Debug|Any CPU = Debug|Any CPU
		Debug|x64 = Debug|x64
		Debug|x86 = Debug|x86
		Release|Any CPU = Release|Any CPU
		Release|x64 = Release|x64
		Release|x86 = Release|x86
	EndGlobalSection
	GlobalSection(SolutionProperties) = preSolution
		HideSolutionNode = FALSE
	EndGlobalSection
	GlobalSection(ProjectConfigurationPlatforms) = postSolution
		{CBF809B3-5999-4E46-B9FB-4B5DD74E0330}.Debug|Any CPU.ActiveCfg = Debug|Any CPU
		{CBF809B3-5999-4E46-B9FB-4B5DD74E0330}.Debug|Any CPU.Build.0 = Debug|Any CPU
		{CBF809B3-5999-4E46-B9FB-4B5DD74E0330}.Debug|x64.ActiveCfg = Debug|Any CPU
		{CBF809B3-5999-4E46-B9FB-4B5DD74E0330}.Debug|x64.Build.0 = Debug|Any CPU
		{CBF809B3-5999-4E46-B9FB-4B5DD74E0330}.Debug|x86.ActiveCfg = Debug|Any CPU
		{CBF809B3-5999-4E46-B9FB-4B5DD74E0330}.Debug|x86.Build.0 = Debug|Any CPU
		{CBF809B3-5999-4E46-B9FB-4B5DD74E0330}.Release|Any CPU.ActiveCfg = Release|Any CPU
		{CBF809B3-5999-4E46-B9FB-4B5DD74E0330}.Release|Any CPU.Build.0 = Release|Any CPU
		{CBF809B3-5999-4E46-B9FB-4B5DD74E0330}.Release|x64.ActiveCfg = Release|Any CPU
		{CBF809B3-5999-4E46-B9FB-4B5DD74E0330}.Release|x64.Build.0 = Release|Any CPU
		{CBF809B3-5999-4E46-B9FB-4B5DD74E0330}.Release|x86.ActiveCfg = Release|Any CPU
		{CBF809B3-5999-4E46-B9FB-4B5DD74E0330}.Release|x86.Build.0 = Release|Any CPU
		{991CE327-AFD9-4D48-B553-E724B89DBD99}.Debug|Any CPU.ActiveCfg = Debug|Any CPU
		{991CE327-AFD9-4D48-B553-E724B89DBD99}.Debug|Any CPU.Build.0 = Debug|Any CPU
		{991CE327-AFD9-4D48-B553-E724B89DBD99}.Debug|x64.ActiveCfg = Debug|Any CPU
		{991CE327-AFD9-4D48-B553-E724B89DBD99}.Debug|x64.Build.0 = Debug|Any CPU
		{991CE327-AFD9-4D48-B553-E724B89DBD99}.Debug|x86.ActiveCfg = Debug|Any CPU
		{991CE327-AFD9-4D48-B553-E724B89DBD99}.Debug|x86.Build.0 = Debug|Any CPU
		{991CE327-AFD9-4D48-B553-E724B89DBD99}.Release|Any CPU.ActiveCfg = Release|Any CPU
		{991CE327-AFD9-4D48-B553-E724B89DBD99}.Release|Any CPU.Build.0 = Release|Any CPU
		{991CE327-AFD9-4D48-B553-E724B89DBD99}.Release|x64.ActiveCfg = Release|Any CPU
		{991CE327-AFD9-4D48-B553-E724B89DBD99}.Release|x64.Build.0 = Release|Any CPU
		{991CE327-AFD9-4D48-B553-E724B89DBD99}.Release|x86.ActiveCfg = Release|Any CPU
		{991CE327-AFD9-4D48-B553-E724B89DBD99}.Release|x86.Build.0 = Release|Any CPU
	EndGlobalSection
EndGlobal
